
Microsoft Visual Studio Solution File, Format Version 12.00
# Visual Studio Version 17
VisualStudioVersion = 17.8.34330.188
MinimumVisualStudioVersion = 10.0.40219.1
Project("{9A19103F-16F7-4668-BE54-9A1E7A4F7556}") = "FormulaOneAPI", "FormulaOneAPI\FormulaOneAPI.csproj", "{859E575C-63FC-41D2-968D-D9F6741E200E}"
EndProject
Project("{9A19103F-16F7-4668-BE54-9A1E7A4F7556}") = "Products.Api", "Products.Api\Products.Api.csproj", "{8521BC87-9984-4A8F-B8DB-1E8FE8EF26A1}"
EndProject
Project("{E53339B2-1760-4266-BCC7-CA923CBCF16C}") = "docker-compose", "docker-compose.dcproj", "{6925AB92-4542-490C-A3EA-7ED205E35FC2}"
EndProject
Global
	GlobalSection(SolutionConfigurationPlatforms) = preSolution
		Debug|Any CPU = Debug|Any CPU
		Release|Any CPU = Release|Any CPU
	EndGlobalSection
	GlobalSection(ProjectConfigurationPlatforms) = postSolution
		{859E575C-63FC-41D2-968D-D9F6741E200E}.Debug|Any CPU.ActiveCfg = Debug|Any CPU
		{859E575C-63FC-41D2-968D-D9F6741E200E}.Debug|Any CPU.Build.0 = Debug|Any CPU
		{859E575C-63FC-41D2-968D-D9F6741E200E}.Release|Any CPU.ActiveCfg = Release|Any CPU
		{859E575C-63FC-41D2-968D-D9F6741E200E}.Release|Any CPU.Build.0 = Release|Any CPU
		{8521BC87-9984-4A8F-B8DB-1E8FE8EF26A1}.Debug|Any CPU.ActiveCfg = Debug|Any CPU
		{8521BC87-9984-4A8F-B8DB-1E8FE8EF26A1}.Debug|Any CPU.Build.0 = Debug|Any CPU
		{8521BC87-9984-4A8F-B8DB-1E8FE8EF26A1}.Release|Any CPU.ActiveCfg = Release|Any CPU
		{8521BC87-9984-4A8F-B8DB-1E8FE8EF26A1}.Release|Any CPU.Build.0 = Release|Any CPU
		{6925AB92-4542-490C-A3EA-7ED205E35FC2}.Debug|Any CPU.ActiveCfg = Debug|Any CPU
		{6925AB92-4542-490C-A3EA-7ED205E35FC2}.Debug|Any CPU.Build.0 = Debug|Any CPU
		{6925AB92-4542-490C-A3EA-7ED205E35FC2}.Release|Any CPU.ActiveCfg = Release|Any CPU
		{6925AB92-4542-490C-A3EA-7ED205E35FC2}.Release|Any CPU.Build.0 = Release|Any CPU
	EndGlobalSection
	GlobalSection(SolutionProperties) = preSolution
		HideSolutionNode = FALSE
	EndGlobalSection
	GlobalSection(ExtensibilityGlobals) = postSolution
		SolutionGuid = {EDB9EEA0-3DD8-4494-9D8F-96E1FE7913D5}
	EndGlobalSection
EndGlobal
